
Microsoft Visual Studio Solution File, Format Version 12.00
# Visual Studio Version 16
VisualStudioVersion = 16.0.32602.290
MinimumVisualStudioVersion = 10.0.40219.1
Project("{FAE04EC0-301F-11D3-BF4B-00C04F79EFBC}") = "Tema3-Estaciones", "Tema3-Estaciones.csproj", "{89BF604C-5C01-4AF9-94E2-8818B447CF65}"
EndProject
Global
	GlobalSection(SolutionConfigurationPlatforms) = preSolution
		Debug|Any CPU = Debug|Any CPU
		Release|Any CPU = Release|Any CPU
	EndGlobalSection
	GlobalSection(ProjectConfigurationPlatforms) = postSolution
		{89BF604C-5C01-4AF9-94E2-8818B447CF65}.Debug|Any CPU.ActiveCfg = Debug|Any CPU
		{89BF604C-5C01-4AF9-94E2-8818B447CF65}.Debug|Any CPU.Build.0 = Debug|Any CPU
		{89BF604C-5C01-4AF9-94E2-8818B447CF65}.Release|Any CPU.ActiveCfg = Release|Any CPU
		{89BF604C-5C01-4AF9-94E2-8818B447CF65}.Release|Any CPU.Build.0 = Release|Any CPU
	EndGlobalSection
	GlobalSection(SolutionProperties) = preSolution
		HideSolutionNode = FALSE
	EndGlobalSection
	GlobalSection(ExtensibilityGlobals) = postSolution
		SolutionGuid = {FB4F1837-2392-4639-B395-11E899877F22}
	EndGlobalSection
EndGlobal
